
Microsoft Visual Studio Solution File, Format Version 12.00
# Visual Studio Version 16
VisualStudioVersion = 16.0.29411.108
MinimumVisualStudioVersion = 10.0.40219.1
Project("{FAE04EC0-301F-11D3-BF4B-00C04F79EFBC}") = "ITDevelopment_Project", "ITDevelopment_Project\ITDevelopment_Project.csproj", "{E08FF9E9-4E18-4FE3-878C-2D1729404A46}"
EndProject
Global
	GlobalSection(SolutionConfigurationPlatforms) = preSolution
		Debug|Any CPU = Debug|Any CPU
		Release|Any CPU = Release|Any CPU
	EndGlobalSection
	GlobalSection(ProjectConfigurationPlatforms) = postSolution
		{E08FF9E9-4E18-4FE3-878C-2D1729404A46}.Debug|Any CPU.ActiveCfg = Debug|Any CPU
		{E08FF9E9-4E18-4FE3-878C-2D1729404A46}.Debug|Any CPU.Build.0 = Debug|Any CPU
		{E08FF9E9-4E18-4FE3-878C-2D1729404A46}.Release|Any CPU.ActiveCfg = Release|Any CPU
		{E08FF9E9-4E18-4FE3-878C-2D1729404A46}.Release|Any CPU.Build.0 = Release|Any CPU
	EndGlobalSection
	GlobalSection(SolutionProperties) = preSolution
		HideSolutionNode = FALSE
	EndGlobalSection
	GlobalSection(ExtensibilityGlobals) = postSolution
		SolutionGuid = {AAB1D49D-C506-483B-8630-3438F598776D}
	EndGlobalSection
EndGlobal
